// !$*UTF8*$!
{
	archiveVersion = 1;
	classes = {
	};
	objectVersion = 77;
	objects = {

/* Begin PBXContainerItemProxy section */
		52C8E2C42D7739C4004E6A19 /* PBXContainerItemProxy */ = {
			isa = PBXContainerItemProxy;
			containerPortal = 52C8E2AB2D7739C2004E6A19 /* Project object */;
			proxyType = 1;
			remoteGlobalIDString = 52C8E2B22D7739C2004E6A19;
			remoteInfo = "iOS Calculator App";
		};
		52C8E2CE2D7739C4004E6A19 /* PBXContainerItemProxy */ = {
			isa = PBXContainerItemProxy;
			containerPortal = 52C8E2AB2D7739C2004E6A19 /* Project object */;
			proxyType = 1;
			remoteGlobalIDString = 52C8E2B22D7739C2004E6A19;
			remoteInfo = "iOS Calculator App";
		};
/* End PBXContainerItemProxy section */

/* Begin PBXFileReference section */
		52C8E2B32D7739C2004E6A19 /* iOS Calculator App.app */ = {isa = PBXFileReference; explicitFileType = wrapper.application; includeInIndex = 0; path = "iOS Calculator App.app"; sourceTree = BUILT_PRODUCTS_DIR; };
		52C8E2C32D7739C4004E6A19 /* iOS Calculator AppTests.xctest */ = {isa = PBXFileReference; explicitFileType = wrapper.cfbundle; includeInIndex = 0; path = "iOS Calculator AppTests.xctest"; sourceTree = BUILT_PRODUCTS_DIR; };
		52C8E2CD2D7739C4004E6A19 /* iOS Calculator AppUITests.xctest */ = {isa = PBXFileReference; explicitFileType = wrapper.cfbundle; includeInIndex = 0; path = "iOS Calculator AppUITests.xctest"; sourceTree = BUILT_PRODUCTS_DIR; };
/* End PBXFileReference section */

/* Begin PBXFileSystemSynchronizedRootGroup section */
		52C8E2B52D7739C2004E6A19 /* iOS Calculator App */ = {
			isa = PBXFileSystemSynchronizedRootGroup;
			path = "iOS Calculator App";
			sourceTree = "<group>";
		};
		52C8E2C62D7739C4004E6A19 /* iOS Calculator AppTests */ = {
			isa = PBXFileSystemSynchronizedRootGroup;
			path = "iOS Calculator AppTests";
			sourceTree = "<group>";
		};
		52C8E2D02D7739C4004E6A19 /* iOS Calculator AppUITests */ = {
			isa = PBXFileSystemSynchronizedRootGroup;
			path = "iOS Calculator AppUITests";
			sourceTree = "<group>";
		};
/* End PBXFileSystemSynchronizedRootGroup section */

/* Begin PBXFrameworksBuildPhase section */
		52C8E2B02D7739C2004E6A19 /* Frameworks */ = {
			isa = PBXFrameworksBuildPhase;
			buildActionMask = 2147483647;
			files = (
			);
			runOnlyForDeploymentPostprocessing = 0;
		};
		52C8E2C02D7739C4004E6A19 /* Frameworks */ = {
			isa = PBXFrameworksBuildPhase;
			buildActionMask = 2147483647;
			files = (
			);
			runOnlyForDeploymentPostprocessing = 0;
		};
		52C8E2CA2D7739C4004E6A19 /* Frameworks */ = {
			isa = PBXFrameworksBuildPhase;
			buildActionMask = 2147483647;
			files = (
			);
			runOnlyForDeploymentPostprocessing = 0;
		};
/* End PBXFrameworksBuildPhase section */

/* Begin PBXGroup section */
		52C8E2AA2D7739C2004E6A19 = {
			isa = PBXGroup;
			children = (
				52C8E2B52D7739C2004E6A19 /* iOS Calculator App */,
				52C8E2C62D7739C4004E6A19 /* iOS Calculator AppTests */,
				52C8E2D02D7739C4004E6A19 /* iOS Calculator AppUITests */,
				52C8E2B42D7739C2004E6A19 /* Products */,
			);
			sourceTree = "<group>";
		};
		52C8E2B42D7739C2004E6A19 /* Products */ = {
			isa = PBXGroup;
			children = (
				52C8E2B32D7739C2004E6A19 /* iOS Calculator App.app */,
				52C8E2C32D7739C4004E6A19 /* iOS Calculator AppTests.xctest */,
				52C8E2CD2D7739C4004E6A19 /* iOS Calculator AppUITests.xctest */,
			);
			name = Products;
			sourceTree = "<group>";
		};
/* End PBXGroup section */

/* Begin PBXNativeTarget section */
		52C8E2B22D7739C2004E6A19 /* iOS Calculator App */ = {
			isa = PBXNativeTarget;
			buildConfigurationList = 52C8E2D72D7739C4004E6A19 /* Build configuration list for PBXNativeTarget "iOS Calculator App" */;
			buildPhases = (
				52C8E2AF2D7739C2004E6A19 /* Sources */,
				52C8E2B02D7739C2004E6A19 /* Frameworks */,
				52C8E2B12D7739C2004E6A19 /* Resources */,
			);
			buildRules = (
			);
			dependencies = (
			);
			fileSystemSynchronizedGroups = (
				52C8E2B52D7739C2004E6A19 /* iOS Calculator App */,
			);
			name = "iOS Calculator App";
			packageProductDependencies = (
			);
			productName = "iOS Calculator App";
			productReference = 52C8E2B32D7739C2004E6A19 /* iOS Calculator App.app */;
			productType = "com.apple.product-type.application";
		};
		52C8E2C22D7739C4004E6A19 /* iOS Calculator AppTests */ = {
			isa = PBXNativeTarget;
			buildConfigurationList = 52C8E2DA2D7739C4004E6A19 /* Build configuration list for PBXNativeTarget "iOS Calculator AppTests" */;
			buildPhases = (
				52C8E2BF2D7739C4004E6A19 /* Sources */,
				52C8E2C02D7739C4004E6A19 /* Frameworks */,
				52C8E2C12D7739C4004E6A19 /* Resources */,
			);
			buildRules = (
			);
			dependencies = (
				52C8E2C52D7739C4004E6A19 /* PBXTargetDependency */,
			);
			fileSystemSynchronizedGroups = (
				52C8E2C62D7739C4004E6A19 /* iOS Calculator AppTests */,
			);
			name = "iOS Calculator AppTests";
			packageProductDependencies = (
			);
			productName = "iOS Calculator AppTests";
			productReference = 52C8E2C32D7739C4004E6A19 /* iOS Calculator AppTests.xctest */;
			productType = "com.apple.product-type.bundle.unit-test";
		};
		52C8E2CC2D7739C4004E6A19 /* iOS Calculator AppUITests */ = {
			isa = PBXNativeTarget;
			buildConfigurationList = 52C8E2DD2D7739C4004E6A19 /* Build configuration list for PBXNativeTarget "iOS Calculator AppUITests" */;
			buildPhases = (
				52C8E2C92D7739C4004E6A19 /* Sources */,
				52C8E2CA2D7739C4004E6A19 /* Frameworks */,
				52C8E2CB2D7739C4004E6A19 /* Resources */,
			);
			buildRules = (
			);
			dependencies = (
				52C8E2CF2D7739C4004E6A19 /* PBXTargetDependency */,
			);
			fileSystemSynchronizedGroups = (
				52C8E2D02D7739C4004E6A19 /* iOS Calculator AppUITests */,
			);
			name = "iOS Calculator AppUITests";
			packageProductDependencies = (
			);
			productName = "iOS Calculator AppUITests";
			productReference = 52C8E2CD2D7739C4004E6A19 /* iOS Calculator AppUITests.xctest */;
			productType = "com.apple.product-type.bundle.ui-testing";
		};
/* End PBXNativeTarget section */

/* Begin PBXProject section */
		52C8E2AB2D7739C2004E6A19 /* Project object */ = {
			isa = PBXProject;
			attributes = {
				BuildIndependentTargetsInParallel = 1;
				LastSwiftUpdateCheck = 1610;
				LastUpgradeCheck = 1610;
				TargetAttributes = {
					52C8E2B22D7739C2004E6A19 = {
						CreatedOnToolsVersion = 16.1;
					};
					52C8E2C22D7739C4004E6A19 = {
						CreatedOnToolsVersion = 16.1;
						TestTargetID = 52C8E2B22D7739C2004E6A19;
					};
					52C8E2CC2D7739C4004E6A19 = {
						CreatedOnToolsVersion = 16.1;
						TestTargetID = 52C8E2B22D7739C2004E6A19;
					};
				};
			};
			buildConfigurationList = 52C8E2AE2D7739C2004E6A19 /* Build configuration list for PBXProject "iOS Calculator App" */;
			developmentRegion = en;
			hasScannedForEncodings = 0;
			knownRegions = (
				en,
				Base,
			);
			mainGroup = 52C8E2AA2D7739C2004E6A19;
			minimizedProjectReferenceProxies = 1;
			preferredProjectObjectVersion = 77;
			productRefGroup = 52C8E2B42D7739C2004E6A19 /* Products */;
			projectDirPath = "";
			projectRoot = "";
			targets = (
				52C8E2B22D7739C2004E6A19 /* iOS Calculator App */,
				52C8E2C22D7739C4004E6A19 /* iOS Calculator AppTests */,
				52C8E2CC2D7739C4004E6A19 /* iOS Calculator AppUITests */,
			);
		};
/* End PBXProject section */

/* Begin PBXResourcesBuildPhase section */
		52C8E2B12D7739C2004E6A19 /* Resources */ = {
			isa = PBXResourcesBuildPhase;
			buildActionMask = 2147483647;
			files = (
			);
			runOnlyForDeploymentPostprocessing = 0;
		};
		52C8E2C12D7739C4004E6A19 /* Resources */ = {
			isa = PBXResourcesBuildPhase;
			buildActionMask = 2147483647;
			files = (
			);
			runOnlyForDeploymentPostprocessing = 0;
		};
		52C8E2CB2D7739C4004E6A19 /* Resources */ = {
			isa = PBXResourcesBuildPhase;
			buildActionMask = 2147483647;
			files = (
			);
			runOnlyForDeploymentPostprocessing = 0;
		};
/* End PBXResourcesBuildPhase section */

/* Begin PBXSourcesBuildPhase section */
		52C8E2AF2D7739C2004E6A19 /* Sources */ = {
			isa = PBXSourcesBuildPhase;
			buildActionMask = 2147483647;
			files = (
			);
			runOnlyForDeploymentPostprocessing = 0;
		};
		52C8E2BF2D7739C4004E6A19 /* Sources */ = {
			isa = PBXSourcesBuildPhase;
			buildActionMask = 2147483647;
			files = (
			);
			runOnlyForDeploymentPostprocessing = 0;
		};
		52C8E2C92D7739C4004E6A19 /* Sources */ = {
			isa = PBXSourcesBuildPhase;
			buildActionMask = 2147483647;
			files = (
			);
			runOnlyForDeploymentPostprocessing = 0;
		};
/* End PBXSourcesBuildPhase section */

/* Begin PBXTargetDependency section */
		52C8E2C52D7739C4004E6A19 /* PBXTargetDependency */ = {
			isa = PBXTargetDependency;
			target = 52C8E2B22D7739C2004E6A19 /* iOS Calculator App */;
			targetProxy = 52C8E2C42D7739C4004E6A19 /* PBXContainerItemProxy */;
		};
		52C8E2CF2D7739C4004E6A19 /* PBXTargetDependency */ = {
			isa = PBXTargetDependency;
			target = 52C8E2B22D7739C2004E6A19 /* iOS Calculator App */;
			targetProxy = 52C8E2CE2D7739C4004E6A19 /* PBXContainerItemProxy */;
		};
/* End PBXTargetDependency section */

/* Begin XCBuildConfiguration section */
		52C8E2D52D7739C4004E6A19 /* Debug */ = {
			isa = XCBuildConfiguration;
			buildSettings = {
				ALWAYS_SEARCH_USER_PATHS = NO;
				ASSETCATALOG_COMPILER_GENERATE_SWIFT_ASSET_SYMBOL_EXTENSIONS = YES;
				CLANG_ANALYZER_NONNULL = YES;
				CLANG_ANALYZER_NUMBER_OBJECT_CONVERSION = YES_AGGRESSIVE;
				CLANG_CXX_LANGUAGE_STANDARD = "gnu++20";
				CLANG_ENABLE_MODULES = YES;
				CLANG_ENABLE_OBJC_ARC = YES;
				CLANG_ENABLE_OBJC_WEAK = YES;
				CLANG_WARN_BLOCK_CAPTURE_AUTORELEASING = YES;
				CLANG_WARN_BOOL_CONVERSION = YES;
				CLANG_WARN_COMMA = YES;
				CLANG_WARN_CONSTANT_CONVERSION = YES;
				CLANG_WARN_DEPRECATED_OBJC_IMPLEMENTATIONS = YES;
				CLANG_WARN_DIRECT_OBJC_ISA_USAGE = YES_ERROR;
				CLANG_WARN_DOCUMENTATION_COMMENTS = YES;
				CLANG_WARN_EMPTY_BODY = YES;
				CLANG_WARN_ENUM_CONVERSION = YES;
				CLANG_WARN_INFINITE_RECURSION = YES;
				CLANG_WARN_INT_CONVERSION = YES;
				CLANG_WARN_NON_LITERAL_NULL_CONVERSION = YES;
				CLANG_WARN_OBJC_IMPLICIT_RETAIN_SELF = YES;
				CLANG_WARN_OBJC_LITERAL_CONVERSION = YES;
				CLANG_WARN_OBJC_ROOT_CLASS = YES_ERROR;
				CLANG_WARN_QUOTED_INCLUDE_IN_FRAMEWORK_HEADER = YES;
				CLANG_WARN_RANGE_LOOP_ANALYSIS = YES;
				CLANG_WARN_STRICT_PROTOTYPES = YES;
				CLANG_WARN_SUSPICIOUS_MOVE = YES;
				CLANG_WARN_UNGUARDED_AVAILABILITY = YES_AGGRESSIVE;
				CLANG_WARN_UNREACHABLE_CODE = YES;
				CLANG_WARN__DUPLICATE_METHOD_MATCH = YES;
				COPY_PHASE_STRIP = NO;
				DEBUG_INFORMATION_FORMAT = dwarf;
				ENABLE_STRICT_OBJC_MSGSEND = YES;
				ENABLE_TESTABILITY = YES;
				ENABLE_USER_SCRIPT_SANDBOXING = YES;
				GCC_C_LANGUAGE_STANDARD = gnu17;
				GCC_DYNAMIC_NO_PIC = NO;
				GCC_NO_COMMON_BLOCKS = YES;
				GCC_OPTIMIZATION_LEVEL = 0;
				GCC_PREPROCESSOR_DEFINITIONS = (
					"DEBUG=1",
					"$(inherited)",
				);
				GCC_WARN_64_TO_32_BIT_CONVERSION = YES;
				GCC_WARN_ABOUT_RETURN_TYPE = YES_ERROR;
				GCC_WARN_UNDECLARED_SELECTOR = YES;
				GCC_WARN_UNINITIALIZED_AUTOS = YES_AGGRESSIVE;
				GCC_WARN_UNUSED_FUNCTION = YES;
				GCC_WARN_UNUSED_VARIABLE = YES;
				IPHONEOS_DEPLOYMENT_TARGET = 18.1;
				LOCALIZATION_PREFERS_STRING_CATALOGS = YES;
				MTL_ENABLE_DEBUG_INFO = INCLUDE_SOURCE;
				MTL_FAST_MATH = YES;
				ONLY_ACTIVE_ARCH = YES;
				SDKROOT = iphoneos;
				SWIFT_ACTIVE_COMPILATION_CONDITIONS = "DEBUG $(inherited)";
				SWIFT_OPTIMIZATION_LEVEL = "-Onone";
			};
			name = Debug;
		};
		52C8E2D62D7739C4004E6A19 /* Release */ = {
			isa = XCBuildConfiguration;
			buildSettings = {
				ALWAYS_SEARCH_USER_PATHS = NO;
				ASSETCATALOG_COMPILER_GENERATE_SWIFT_ASSET_SYMBOL_EXTENSIONS = YES;
				CLANG_ANALYZER_NONNULL = YES;
				CLANG_ANALYZER_NUMBER_OBJECT_CONVERSION = YES_AGGRESSIVE;
				CLANG_CXX_LANGUAGE_STANDARD = "gnu++20";
				CLANG_ENABLE_MODULES = YES;
				CLANG_ENABLE_OBJC_ARC = YES;
				CLANG_ENABLE_OBJC_WEAK = YES;
				CLANG_WARN_BLOCK_CAPTURE_AUTORELEASING = YES;
				CLANG_WARN_BOOL_CONVERSION = YES;
				CLANG_WARN_COMMA = YES;
				CLANG_WARN_CONSTANT_CONVERSION = YES;
				CLANG_WARN_DEPRECATED_OBJC_IMPLEMENTATIONS = YES;
				CLANG_WARN_DIRECT_OBJC_ISA_USAGE = YES_ERROR;
				CLANG_WARN_DOCUMENTATION_COMMENTS = YES;
				CLANG_WARN_EMPTY_BODY = YES;
				CLANG_WARN_ENUM_CONVERSION = YES;
				CLANG_WARN_INFINITE_RECURSION = YES;
				CLANG_WARN_INT_CONVERSION = YES;
				CLANG_WARN_NON_LITERAL_NULL_CONVERSION = YES;
				CLANG_WARN_OBJC_IMPLICIT_RETAIN_SELF = YES;
				CLANG_WARN_OBJC_LITERAL_CONVERSION = YES;
				CLANG_WARN_OBJC_ROOT_CLASS = YES_ERROR;
				CLANG_WARN_QUOTED_INCLUDE_IN_FRAMEWORK_HEADER = YES;
				CLANG_WARN_RANGE_LOOP_ANALYSIS = YES;
				CLANG_WARN_STRICT_PROTOTYPES = YES;
				CLANG_WARN_SUSPICIOUS_MOVE = YES;
				CLANG_WARN_UNGUARDED_AVAILABILITY = YES_AGGRESSIVE;
				CLANG_WARN_UNREACHABLE_CODE = YES;
				CLANG_WARN__DUPLICATE_METHOD_MATCH = YES;
				COPY_PHASE_STRIP = NO;
				DEBUG_INFORMATION_FORMAT = "dwarf-with-dsym";
				ENABLE_NS_ASSERTIONS = NO;
				ENABLE_STRICT_OBJC_MSGSEND = YES;
				ENABLE_USER_SCRIPT_SANDBOXING = YES;
				GCC_C_LANGUAGE_STANDARD = gnu17;
				GCC_NO_COMMON_BLOCKS = YES;
				GCC_WARN_64_TO_32_BIT_CONVERSION = YES;
				GCC_WARN_ABOUT_RETURN_TYPE = YES_ERROR;
				GCC_WARN_UNDECLARED_SELECTOR = YES;
				GCC_WARN_UNINITIALIZED_AUTOS = YES_AGGRESSIVE;
				GCC_WARN_UNUSED_FUNCTION = YES;
				GCC_WARN_UNUSED_VARIABLE = YES;
				IPHONEOS_DEPLOYMENT_TARGET = 18.1;
				LOCALIZATION_PREFERS_STRING_CATALOGS = YES;
				MTL_ENABLE_DEBUG_INFO = NO;
				MTL_FAST_MATH = YES;
				SDKROOT = iphoneos;
				SWIFT_COMPILATION_MODE = wholemodule;
				VALIDATE_PRODUCT = YES;
			};
			name = Release;
		};
		52C8E2D82D7739C4004E6A19 /* Debug */ = {
			isa = XCBuildConfiguration;
			buildSettings = {
				ASSETCATALOG_COMPILER_APPICON_NAME = AppIcon;
				ASSETCATALOG_COMPILER_GLOBAL_ACCENT_COLOR_NAME = AccentColor;
				CODE_SIGN_STYLE = Automatic;
				CURRENT_PROJECT_VERSION = 1;
				DEVELOPMENT_ASSET_PATHS = "\"iOS Calculator App/Preview Content\"";
				DEVELOPMENT_TEAM = 6BQ2P69362;
				ENABLE_PREVIEWS = YES;
				GENERATE_INFOPLIST_FILE = YES;
				INFOPLIST_KEY_UIApplicationSceneManifest_Generation = YES;
				INFOPLIST_KEY_UIApplicationSupportsIndirectInputEvents = YES;
				INFOPLIST_KEY_UILaunchScreen_Generation = YES;
				INFOPLIST_KEY_UISupportedInterfaceOrientations_iPad = "UIInterfaceOrientationPortrait UIInterfaceOrientationPortraitUpsideDown UIInterfaceOrientationLandscapeLeft UIInterfaceOrientationLandscapeRight";
				INFOPLIST_KEY_UISupportedInterfaceOrientations_iPhone = "UIInterfaceOrientationPortrait UIInterfaceOrientationLandscapeLeft UIInterfaceOrientationLandscapeRight";
				LD_RUNPATH_SEARCH_PATHS = (
					"$(inherited)",
					"@executable_path/Frameworks",
				);
				MARKETING_VERSION = 1.0;
				PRODUCT_BUNDLE_IDENTIFIER = "godo.iOS-Calculator-App";
				PRODUCT_NAME = "$(TARGET_NAME)";
				SWIFT_EMIT_LOC_STRINGS = YES;
				SWIFT_VERSION = 5.0;
				TARGETED_DEVICE_FAMILY = "1,2";
			};
			name = Debug;
		};
		52C8E2D92D7739C4004E6A19 /* Release */ = {
			isa = XCBuildConfiguration;
			buildSettings = {
				ASSETCATALOG_COMPILER_APPICON_NAME = AppIcon;
				ASSETCATALOG_COMPILER_GLOBAL_ACCENT_COLOR_NAME = AccentColor;
				CODE_SIGN_STYLE = Automatic;
				CURRENT_PROJECT_VERSION = 1;
				DEVELOPMENT_ASSET_PATHS = "\"iOS Calculator App/Preview Content\"";
				DEVELOPMENT_TEAM = 6BQ2P69362;
				ENABLE_PREVIEWS = YES;
				GENERATE_INFOPLIST_FILE = YES;
				INFOPLIST_KEY_UIApplicationSceneManifest_Generation = YES;
				INFOPLIST_KEY_UIApplicationSupportsIndirectInputEvents = YES;
				INFOPLIST_KEY_UILaunchScreen_Generation = YES;
				INFOPLIST_KEY_UISupportedInterfaceOrientations_iPad = "UIInterfaceOrientationPortrait UIInterfaceOrientationPortraitUpsideDown UIInterfaceOrientationLandscapeLeft UIInterfaceOrientationLandscapeRight";
				INFOPLIST_KEY_UISupportedInterfaceOrientations_iPhone = "UIInterfaceOrientationPortrait UIInterfaceOrientationLandscapeLeft UIInterfaceOrientationLandscapeRight";
				LD_RUNPATH_SEARCH_PATHS = (
					"$(inherited)",
					"@executable_path/Frameworks",
				);
				MARKETING_VERSION = 1.0;
				PRODUCT_BUNDLE_IDENTIFIER = "godo.iOS-Calculator-App";
				PRODUCT_NAME = "$(TARGET_NAME)";
				SWIFT_EMIT_LOC_STRINGS = YES;
				SWIFT_VERSION = 5.0;
				TARGETED_DEVICE_FAMILY = "1,2";
			};
			name = Release;
		};
		52C8E2DB2D7739C4004E6A19 /* Debug */ = {
			isa = XCBuildConfiguration;
			buildSettings = {
				BUNDLE_LOADER = "$(TEST_HOST)";
				CODE_SIGN_STYLE = Automatic;
				CURRENT_PROJECT_VERSION = 1;
				DEVELOPMENT_TEAM = 6BQ2P69362;
				GENERATE_INFOPLIST_FILE = YES;
				IPHONEOS_DEPLOYMENT_TARGET = 18.1;
				MARKETING_VERSION = 1.0;
				PRODUCT_BUNDLE_IDENTIFIER = "godo.iOS-Calculator-AppTests";
				PRODUCT_NAME = "$(TARGET_NAME)";
				SWIFT_EMIT_LOC_STRINGS = NO;
				SWIFT_VERSION = 5.0;
				TARGETED_DEVICE_FAMILY = "1,2";
				TEST_HOST = "$(BUILT_PRODUCTS_DIR)/iOS Calculator App.app/$(BUNDLE_EXECUTABLE_FOLDER_PATH)/iOS Calculator App";
			};
			name = Debug;
		};
		52C8E2DC2D7739C4004E6A19 /* Release */ = {
			isa = XCBuildConfiguration;
			buildSettings = {
				BUNDLE_LOADER = "$(TEST_HOST)";
				CODE_SIGN_STYLE = Automatic;
				CURRENT_PROJECT_VERSION = 1;
				DEVELOPMENT_TEAM = 6BQ2P69362;
				GENERATE_INFOPLIST_FILE = YES;
				IPHONEOS_DEPLOYMENT_TARGET = 18.1;
				MARKETING_VERSION = 1.0;
				PRODUCT_BUNDLE_IDENTIFIER = "godo.iOS-Calculator-AppTests";
				PRODUCT_NAME = "$(TARGET_NAME)";
				SWIFT_EMIT_LOC_STRINGS = NO;
				SWIFT_VERSION = 5.0;
				TARGETED_DEVICE_FAMILY = "1,2";
				TEST_HOST = "$(BUILT_PRODUCTS_DIR)/iOS Calculator App.app/$(BUNDLE_EXECUTABLE_FOLDER_PATH)/iOS Calculator App";
			};
			name = Release;
		};
		52C8E2DE2D7739C4004E6A19 /* Debug */ = {
			isa = XCBuildConfiguration;
			buildSettings = {
				CODE_SIGN_STYLE = Automatic;
				CURRENT_PROJECT_VERSION = 1;
				DEVELOPMENT_TEAM = 6BQ2P69362;
				GENERATE_INFOPLIST_FILE = YES;
				MARKETING_VERSION = 1.0;
				PRODUCT_BUNDLE_IDENTIFIER = "godo.iOS-Calculator-AppUITests";
				PRODUCT_NAME = "$(TARGET_NAME)";
				SWIFT_EMIT_LOC_STRINGS = NO;
				SWIFT_VERSION = 5.0;
				TARGETED_DEVICE_FAMILY = "1,2";
				TEST_TARGET_NAME = "iOS Calculator App";
			};
			name = Debug;
		};
		52C8E2DF2D7739C4004E6A19 /* Release */ = {
			isa = XCBuildConfiguration;
			buildSettings = {
				CODE_SIGN_STYLE = Automatic;
				CURRENT_PROJECT_VERSION = 1;
				DEVELOPMENT_TEAM = 6BQ2P69362;
				GENERATE_INFOPLIST_FILE = YES;
				MARKETING_VERSION = 1.0;
				PRODUCT_BUNDLE_IDENTIFIER = "godo.iOS-Calculator-AppUITests";
				PRODUCT_NAME = "$(TARGET_NAME)";
				SWIFT_EMIT_LOC_STRINGS = NO;
				SWIFT_VERSION = 5.0;
				TARGETED_DEVICE_FAMILY = "1,2";
				TEST_TARGET_NAME = "iOS Calculator App";
			};
			name = Release;
		};
/* End XCBuildConfiguration section */

/* Begin XCConfigurationList section */
		52C8E2AE2D7739C2004E6A19 /* Build configuration list for PBXProject "iOS Calculator App" */ = {
			isa = XCConfigurationList;
			buildConfigurations = (
				52C8E2D52D7739C4004E6A19 /* Debug */,
				52C8E2D62D7739C4004E6A19 /* Release */,
			);
			defaultConfigurationIsVisible = 0;
			defaultConfigurationName = Release;
		};
		52C8E2D72D7739C4004E6A19 /* Build configuration list for PBXNativeTarget "iOS Calculator App" */ = {
			isa = XCConfigurationList;
			buildConfigurations = (
				52C8E2D82D7739C4004E6A19 /* Debug */,
				52C8E2D92D7739C4004E6A19 /* Release */,
			);
			defaultConfigurationIsVisible = 0;
			defaultConfigurationName = Release;
		};
		52C8E2DA2D7739C4004E6A19 /* Build configuration list for PBXNativeTarget "iOS Calculator AppTests" */ = {
			isa = XCConfigurationList;
			buildConfigurations = (
				52C8E2DB2D7739C4004E6A19 /* Debug */,
				52C8E2DC2D7739C4004E6A19 /* Release */,
			);
			defaultConfigurationIsVisible = 0;
			defaultConfigurationName = Release;
		};
		52C8E2DD2D7739C4004E6A19 /* Build configuration list for PBXNativeTarget "iOS Calculator AppUITests" */ = {
			isa = XCConfigurationList;
			buildConfigurations = (
				52C8E2DE2D7739C4004E6A19 /* Debug */,
				52C8E2DF2D7739C4004E6A19 /* Release */,
			);
			defaultConfigurationIsVisible = 0;
			defaultConfigurationName = Release;
		};
/* End XCConfigurationList section */
	};
	rootObject = 52C8E2AB2D7739C2004E6A19 /* Project object */;
}
